// !$*UTF8*$!
{
	archiveVersion = 1;
	classes = {
	};
	objectVersion = 50;
	objects = {

/* Begin PBXBuildFile section */
		76235B262199917100F77104 /* AppDelegate.m in Sources */ = {isa = PBXBuildFile; fileRef = 76235B252199917100F77104 /* AppDelegate.m */; };
		76235B292199917100F77104 /* FirstViewController.m in Sources */ = {isa = PBXBuildFile; fileRef = 76235B282199917100F77104 /* FirstViewController.m */; };
		76235B2C2199917100F77104 /* SecondViewController.m in Sources */ = {isa = PBXBuildFile; fileRef = 76235B2B2199917100F77104 /* SecondViewController.m */; };
		76235B2F2199917100F77104 /* Main.storyboard in Resources */ = {isa = PBXBuildFile; fileRef = 76235B2D2199917100F77104 /* Main.storyboard */; };
		76235B312199917300F77104 /* Assets.xcassets in Resources */ = {isa = PBXBuildFile; fileRef = 76235B302199917300F77104 /* Assets.xcassets */; };
		76235B342199917300F77104 /* LaunchScreen.storyboard in Resources */ = {isa = PBXBuildFile; fileRef = 76235B322199917300F77104 /* LaunchScreen.storyboard */; };
		76235B372199917300F77104 /* main.m in Sources */ = {isa = PBXBuildFile; fileRef = 76235B362199917300F77104 /* main.m */; };
/* End PBXBuildFile section */

/* Begin PBXFileReference section */
		76235B212199917100F77104 /* Arch_MVVM_RAC.app */ = {isa = PBXFileReference; explicitFileType = wrapper.application; includeInIndex = 0; path = Arch_MVVM_RAC.app; sourceTree = BUILT_PRODUCTS_DIR; };
		76235B242199917100F77104 /* AppDelegate.h */ = {isa = PBXFileReference; lastKnownFileType = sourcecode.c.h; path = AppDelegate.h; sourceTree = "<group>"; };
		76235B252199917100F77104 /* AppDelegate.m */ = {isa = PBXFileReference; lastKnownFileType = sourcecode.c.objc; path = AppDelegate.m; sourceTree = "<group>"; };
		76235B272199917100F77104 /* FirstViewController.h */ = {isa = PBXFileReference; lastKnownFileType = sourcecode.c.h; path = FirstViewController.h; sourceTree = "<group>"; };
		76235B282199917100F77104 /* FirstViewController.m */ = {isa = PBXFileReference; lastKnownFileType = sourcecode.c.objc; path = FirstViewController.m; sourceTree = "<group>"; };
		76235B2A2199917100F77104 /* SecondViewController.h */ = {isa = PBXFileReference; lastKnownFileType = sourcecode.c.h; path = SecondViewController.h; sourceTree = "<group>"; };
		76235B2B2199917100F77104 /* SecondViewController.m */ = {isa = PBXFileReference; lastKnownFileType = sourcecode.c.objc; path = SecondViewController.m; sourceTree = "<group>"; };
		76235B2E2199917100F77104 /* Base */ = {isa = PBXFileReference; lastKnownFileType = file.storyboard; name = Base; path = Base.lproj/Main.storyboard; sourceTree = "<group>"; };
		76235B302199917300F77104 /* Assets.xcassets */ = {isa = PBXFileReference; lastKnownFileType = folder.assetcatalog; path = Assets.xcassets; sourceTree = "<group>"; };
		76235B332199917300F77104 /* Base */ = {isa = PBXFileReference; lastKnownFileType = file.storyboard; name = Base; path = Base.lproj/LaunchScreen.storyboard; sourceTree = "<group>"; };
		76235B352199917300F77104 /* Info.plist */ = {isa = PBXFileReference; lastKnownFileType = text.plist.xml; path = Info.plist; sourceTree = "<group>"; };
		76235B362199917300F77104 /* main.m */ = {isa = PBXFileReference; lastKnownFileType = sourcecode.c.objc; path = main.m; sourceTree = "<group>"; };
/* End PBXFileReference section */

/* Begin PBXFrameworksBuildPhase section */
		76235B1E2199917100F77104 /* Frameworks */ = {
			isa = PBXFrameworksBuildPhase;
			buildActionMask = 2147483647;
			files = (
			);
			runOnlyForDeploymentPostprocessing = 0;
		};
/* End PBXFrameworksBuildPhase section */

/* Begin PBXGroup section */
		76235B182199917100F77104 = {
			isa = PBXGroup;
			children = (
				76235B232199917100F77104 /* Arch_MVVM_RAC */,
				76235B222199917100F77104 /* Products */,
			);
			sourceTree = "<group>";
		};
		76235B222199917100F77104 /* Products */ = {
			isa = PBXGroup;
			children = (
				76235B212199917100F77104 /* Arch_MVVM_RAC.app */,
			);
			name = Products;
			sourceTree = "<group>";
		};
		76235B232199917100F77104 /* Arch_MVVM_RAC */ = {
			isa = PBXGroup;
			children = (
				76235B242199917100F77104 /* AppDelegate.h */,
				76235B252199917100F77104 /* AppDelegate.m */,
				76235B272199917100F77104 /* FirstViewController.h */,
				76235B282199917100F77104 /* FirstViewController.m */,
				76235B2A2199917100F77104 /* SecondViewController.h */,
				76235B2B2199917100F77104 /* SecondViewController.m */,
				76235B2D2199917100F77104 /* Main.storyboard */,
				76235B302199917300F77104 /* Assets.xcassets */,
				76235B322199917300F77104 /* LaunchScreen.storyboard */,
				76235B352199917300F77104 /* Info.plist */,
				76235B362199917300F77104 /* main.m */,
			);
			path = Arch_MVVM_RAC;
			sourceTree = "<group>";
		};
/* End PBXGroup section */

/* Begin PBXNativeTarget section */
		76235B202199917100F77104 /* Arch_MVVM_RAC */ = {
			isa = PBXNativeTarget;
			buildConfigurationList = 76235B3A2199917300F77104 /* Build configuration list for PBXNativeTarget "Arch_MVVM_RAC" */;
			buildPhases = (
				76235B1D2199917100F77104 /* Sources */,
				76235B1E2199917100F77104 /* Frameworks */,
				76235B1F2199917100F77104 /* Resources */,
			);
			buildRules = (
			);
			dependencies = (
			);
			name = Arch_MVVM_RAC;
			productName = Arch_MVVM_RAC;
			productReference = 76235B212199917100F77104 /* Arch_MVVM_RAC.app */;
			productType = "com.apple.product-type.application";
		};
/* End PBXNativeTarget section */

/* Begin PBXProject section */
		76235B192199917100F77104 /* Project object */ = {
			isa = PBXProject;
			attributes = {
				LastUpgradeCheck = 1010;
				ORGANIZATIONNAME = "Robin Wong";
				TargetAttributes = {
					76235B202199917100F77104 = {
						CreatedOnToolsVersion = 10.1;
					};
				};
			};
			buildConfigurationList = 76235B1C2199917100F77104 /* Build configuration list for PBXProject "Arch_MVVM_RAC" */;
			compatibilityVersion = "Xcode 9.3";
			developmentRegion = en;
			hasScannedForEncodings = 0;
			knownRegions = (
				en,
				Base,
			);
			mainGroup = 76235B182199917100F77104;
			productRefGroup = 76235B222199917100F77104 /* Products */;
			projectDirPath = "";
			projectRoot = "";
			targets = (
				76235B202199917100F77104 /* Arch_MVVM_RAC */,
			);
		};
/* End PBXProject section */

/* Begin PBXResourcesBuildPhase section */
		76235B1F2199917100F77104 /* Resources */ = {
			isa = PBXResourcesBuildPhase;
			buildActionMask = 2147483647;
			files = (
				76235B342199917300F77104 /* LaunchScreen.storyboard in Resources */,
				76235B312199917300F77104 /* Assets.xcassets in Resources */,
				76235B2F2199917100F77104 /* Main.storyboard in Resources */,
			);
			runOnlyForDeploymentPostprocessing = 0;
		};
/* End PBXResourcesBuildPhase section */

/* Begin PBXSourcesBuildPhase section */
		76235B1D2199917100F77104 /* Sources */ = {
			isa = PBXSourcesBuildPhase;
			buildActionMask = 2147483647;
			files = (
				76235B2C2199917100F77104 /* SecondViewController.m in Sources */,
				76235B262199917100F77104 /* AppDelegate.m in Sources */,
				76235B372199917300F77104 /* main.m in Sources */,
				76235B292199917100F77104 /* FirstViewController.m in Sources */,
			);
			runOnlyForDeploymentPostprocessing = 0;
		};
/* End PBXSourcesBuildPhase section */

/* Begin PBXVariantGroup section */
		76235B2D2199917100F77104 /* Main.storyboard */ = {
			isa = PBXVariantGroup;
			children = (
				76235B2E2199917100F77104 /* Base */,
			);
			name = Main.storyboard;
			sourceTree = "<group>";
		};
		76235B322199917300F77104 /* LaunchScreen.storyboard */ = {
			isa = PBXVariantGroup;
			children = (
				76235B332199917300F77104 /* Base */,
			);
			name = LaunchScreen.storyboard;
			sourceTree = "<group>";
		};
/* End PBXVariantGroup section */

/* Begin XCBuildConfiguration section */
		76235B382199917300F77104 /* Debug */ = {
			isa = XCBuildConfiguration;
			buildSettings = {
				ALWAYS_SEARCH_USER_PATHS = NO;
				CLANG_ANALYZER_NONNULL = YES;
				CLANG_ANALYZER_NUMBER_OBJECT_CONVERSION = YES_AGGRESSIVE;
				CLANG_CXX_LANGUAGE_STANDARD = "gnu++14";
				CLANG_CXX_LIBRARY = "libc++";
				CLANG_ENABLE_MODULES = YES;
				CLANG_ENABLE_OBJC_ARC = YES;
				CLANG_ENABLE_OBJC_WEAK = YES;
				CLANG_WARN_BLOCK_CAPTURE_AUTORELEASING = YES;
				CLANG_WARN_BOOL_CONVERSION = YES;
				CLANG_WARN_COMMA = YES;
				CLANG_WARN_CONSTANT_CONVERSION = YES;
				CLANG_WARN_DEPRECATED_OBJC_IMPLEMENTATIONS = YES;
				CLANG_WARN_DIRECT_OBJC_ISA_USAGE = YES_ERROR;
				CLANG_WARN_DOCUMENTATION_COMMENTS = YES;
				CLANG_WARN_EMPTY_BODY = YES;
				CLANG_WARN_ENUM_CONVERSION = YES;
				CLANG_WARN_INFINITE_RECURSION = YES;
				CLANG_WARN_INT_CONVERSION = YES;
				CLANG_WARN_NON_LITERAL_NULL_CONVERSION = YES;
				CLANG_WARN_OBJC_IMPLICIT_RETAIN_SELF = YES;
				CLANG_WARN_OBJC_LITERAL_CONVERSION = YES;
				CLANG_WARN_OBJC_ROOT_CLASS = YES_ERROR;
				CLANG_WARN_RANGE_LOOP_ANALYSIS = YES;
				CLANG_WARN_STRICT_PROTOTYPES = YES;
				CLANG_WARN_SUSPICIOUS_MOVE = YES;
				CLANG_WARN_UNGUARDED_AVAILABILITY = YES_AGGRESSIVE;
				CLANG_WARN_UNREACHABLE_CODE = YES;
				CLANG_WARN__DUPLICATE_METHOD_MATCH = YES;
				CODE_SIGN_IDENTITY = "iPhone Developer";
				COPY_PHASE_STRIP = NO;
				DEBUG_INFORMATION_FORMAT = dwarf;
				ENABLE_STRICT_OBJC_MSGSEND = YES;
				ENABLE_TESTABILITY = YES;
				GCC_C_LANGUAGE_STANDARD = gnu11;
				GCC_DYNAMIC_NO_PIC = NO;
				GCC_NO_COMMON_BLOCKS = YES;
				GCC_OPTIMIZATION_LEVEL = 0;
				GCC_PREPROCESSOR_DEFINITIONS = (
					"DEBUG=1",
					"$(inherited)",
				);
				GCC_WARN_64_TO_32_BIT_CONVERSION = YES;
				GCC_WARN_ABOUT_RETURN_TYPE = YES_ERROR;
				GCC_WARN_UNDECLARED_SELECTOR = YES;
				GCC_WARN_UNINITIALIZED_AUTOS = YES_AGGRESSIVE;
				GCC_WARN_UNUSED_FUNCTION = YES;
				GCC_WARN_UNUSED_VARIABLE = YES;
				IPHONEOS_DEPLOYMENT_TARGET = 12.1;
				MTL_ENABLE_DEBUG_INFO = INCLUDE_SOURCE;
				MTL_FAST_MATH = YES;
				ONLY_ACTIVE_ARCH = YES;
				SDKROOT = iphoneos;
			};
			name = Debug;
		};
		76235B392199917300F77104 /* Release */ = {
			isa = XCBuildConfiguration;
			buildSettings = {
				ALWAYS_SEARCH_USER_PATHS = NO;
				CLANG_ANALYZER_NONNULL = YES;
				CLANG_ANALYZER_NUMBER_OBJECT_CONVERSION = YES_AGGRESSIVE;
				CLANG_CXX_LANGUAGE_STANDARD = "gnu++14";
				CLANG_CXX_LIBRARY = "libc++";
				CLANG_ENABLE_MODULES = YES;
				CLANG_ENABLE_OBJC_ARC = YES;
				CLANG_ENABLE_OBJC_WEAK = YES;
				CLANG_WARN_BLOCK_CAPTURE_AUTORELEASING = YES;
				CLANG_WARN_BOOL_CONVERSION = YES;
				CLANG_WARN_COMMA = YES;
				CLANG_WARN_CONSTANT_CONVERSION = YES;
				CLANG_WARN_DEPRECATED_OBJC_IMPLEMENTATIONS = YES;
				CLANG_WARN_DIRECT_OBJC_ISA_USAGE = YES_ERROR;
				CLANG_WARN_DOCUMENTATION_COMMENTS = YES;
				CLANG_WARN_EMPTY_BODY = YES;
				CLANG_WARN_ENUM_CONVERSION = YES;
				CLANG_WARN_INFINITE_RECURSION = YES;
				CLANG_WARN_INT_CONVERSION = YES;
				CLANG_WARN_NON_LITERAL_NULL_CONVERSION = YES;
				CLANG_WARN_OBJC_IMPLICIT_RETAIN_SELF = YES;
				CLANG_WARN_OBJC_LITERAL_CONVERSION = YES;
				CLANG_WARN_OBJC_ROOT_CLASS = YES_ERROR;
				CLANG_WARN_RANGE_LOOP_ANALYSIS = YES;
				CLANG_WARN_STRICT_PROTOTYPES = YES;
				CLANG_WARN_SUSPICIOUS_MOVE = YES;
				CLANG_WARN_UNGUARDED_AVAILABILITY = YES_AGGRESSIVE;
				CLANG_WARN_UNREACHABLE_CODE = YES;
				CLANG_WARN__DUPLICATE_METHOD_MATCH = YES;
				CODE_SIGN_IDENTITY = "iPhone Developer";
				COPY_PHASE_STRIP = NO;
				DEBUG_INFORMATION_FORMAT = "dwarf-with-dsym";
				ENABLE_NS_ASSERTIONS = NO;
				ENABLE_STRICT_OBJC_MSGSEND = YES;
				GCC_C_LANGUAGE_STANDARD = gnu11;
				GCC_NO_COMMON_BLOCKS = YES;
				GCC_WARN_64_TO_32_BIT_CONVERSION = YES;
				GCC_WARN_ABOUT_RETURN_TYPE = YES_ERROR;
				GCC_WARN_UNDECLARED_SELECTOR = YES;
				GCC_WARN_UNINITIALIZED_AUTOS = YES_AGGRESSIVE;
				GCC_WARN_UNUSED_FUNCTION = YES;
				GCC_WARN_UNUSED_VARIABLE = YES;
				IPHONEOS_DEPLOYMENT_TARGET = 12.1;
				MTL_ENABLE_DEBUG_INFO = NO;
				MTL_FAST_MATH = YES;
				SDKROOT = iphoneos;
				VALIDATE_PRODUCT = YES;
			};
			name = Release;
		};
		76235B3B2199917300F77104 /* Debug */ = {
			isa = XCBuildConfiguration;
			buildSettings = {
				ASSETCATALOG_COMPILER_APPICON_NAME = AppIcon;
				CODE_SIGN_STYLE = Automatic;
				INFOPLIST_FILE = Arch_MVVM_RAC/Info.plist;
				LD_RUNPATH_SEARCH_PATHS = (
					"$(inherited)",
					"@executable_path/Frameworks",
				);
				PRODUCT_BUNDLE_IDENTIFIER = "org.imaginedays.Arch-MVVM-RAC";
				PRODUCT_NAME = "$(TARGET_NAME)";
				TARGETED_DEVICE_FAMILY = "1,2";
			};
			name = Debug;
		};
		76235B3C2199917300F77104 /* Release */ = {
			isa = XCBuildConfiguration;
			buildSettings = {
				ASSETCATALOG_COMPILER_APPICON_NAME = AppIcon;
				CODE_SIGN_STYLE = Automatic;
				INFOPLIST_FILE = Arch_MVVM_RAC/Info.plist;
				LD_RUNPATH_SEARCH_PATHS = (
					"$(inherited)",
					"@executable_path/Frameworks",
				);
				PRODUCT_BUNDLE_IDENTIFIER = "org.imaginedays.Arch-MVVM-RAC";
				PRODUCT_NAME = "$(TARGET_NAME)";
				TARGETED_DEVICE_FAMILY = "1,2";
			};
			name = Release;
		};
/* End XCBuildConfiguration section */

/* Begin XCConfigurationList section */
		76235B1C2199917100F77104 /* Build configuration list for PBXProject "Arch_MVVM_RAC" */ = {
			isa = XCConfigurationList;
			buildConfigurations = (
				76235B382199917300F77104 /* Debug */,
				76235B392199917300F77104 /* Release */,
			);
			defaultConfigurationIsVisible = 0;
			defaultConfigurationName = Release;
		};
		76235B3A2199917300F77104 /* Build configuration list for PBXNativeTarget "Arch_MVVM_RAC" */ = {
			isa = XCConfigurationList;
			buildConfigurations = (
				76235B3B2199917300F77104 /* Debug */,
				76235B3C2199917300F77104 /* Release */,
			);
			defaultConfigurationIsVisible = 0;
			defaultConfigurationName = Release;
		};
/* End XCConfigurationList section */
	};
	rootObject = 76235B192199917100F77104 /* Project object */;
}
